// !$*UTF8*$!
{
	archiveVersion = 1;
	classes = {
	};
	objectVersion = 77;
	objects = {

/* Begin PBXContainerItemProxy section */
		965C20EC2D8DDBAF00B10537 /* PBXContainerItemProxy */ = {
			isa = PBXContainerItemProxy;
			containerPortal = 965C20D22D8DDBAE00B10537 /* Project object */;
			proxyType = 1;
			remoteGlobalIDString = 965C20D92D8DDBAE00B10537;
			remoteInfo = VibeWidget;
		};
		965C20F62D8DDBAF00B10537 /* PBXContainerItemProxy */ = {
			isa = PBXContainerItemProxy;
			containerPortal = 965C20D22D8DDBAE00B10537 /* Project object */;
			proxyType = 1;
			remoteGlobalIDString = 965C20D92D8DDBAE00B10537;
			remoteInfo = VibeWidget;
		};
/* End PBXContainerItemProxy section */

/* Begin PBXFileReference section */
		965C20DA2D8DDBAE00B10537 /* VibeWidget.app */ = {isa = PBXFileReference; explicitFileType = wrapper.application; includeInIndex = 0; path = VibeWidget.app; sourceTree = BUILT_PRODUCTS_DIR; };
		965C20EB2D8DDBAF00B10537 /* VibeWidgetTests.xctest */ = {isa = PBXFileReference; explicitFileType = wrapper.cfbundle; includeInIndex = 0; path = VibeWidgetTests.xctest; sourceTree = BUILT_PRODUCTS_DIR; };
		965C20F52D8DDBAF00B10537 /* VibeWidgetUITests.xctest */ = {isa = PBXFileReference; explicitFileType = wrapper.cfbundle; includeInIndex = 0; path = VibeWidgetUITests.xctest; sourceTree = BUILT_PRODUCTS_DIR; };
/* End PBXFileReference section */

/* Begin PBXFileSystemSynchronizedRootGroup section */
		965C20DC2D8DDBAE00B10537 /* VibeWidget */ = {
			isa = PBXFileSystemSynchronizedRootGroup;
			path = VibeWidget;
			sourceTree = "<group>";
		};
		965C20EE2D8DDBAF00B10537 /* VibeWidgetTests */ = {
			isa = PBXFileSystemSynchronizedRootGroup;
			path = VibeWidgetTests;
			sourceTree = "<group>";
		};
		965C20F82D8DDBAF00B10537 /* VibeWidgetUITests */ = {
			isa = PBXFileSystemSynchronizedRootGroup;
			path = VibeWidgetUITests;
			sourceTree = "<group>";
		};
/* End PBXFileSystemSynchronizedRootGroup section */

/* Begin PBXFrameworksBuildPhase section */
		965C20D72D8DDBAE00B10537 /* Frameworks */ = {
			isa = PBXFrameworksBuildPhase;
			buildActionMask = 2147483647;
			files = (
			);
			runOnlyForDeploymentPostprocessing = 0;
		};
		965C20E82D8DDBAF00B10537 /* Frameworks */ = {
			isa = PBXFrameworksBuildPhase;
			buildActionMask = 2147483647;
			files = (
			);
			runOnlyForDeploymentPostprocessing = 0;
		};
		965C20F22D8DDBAF00B10537 /* Frameworks */ = {
			isa = PBXFrameworksBuildPhase;
			buildActionMask = 2147483647;
			files = (
			);
			runOnlyForDeploymentPostprocessing = 0;
		};
/* End PBXFrameworksBuildPhase section */

/* Begin PBXGroup section */
		965C20D12D8DDBAE00B10537 = {
			isa = PBXGroup;
			children = (
				965C20DC2D8DDBAE00B10537 /* VibeWidget */,
				965C20EE2D8DDBAF00B10537 /* VibeWidgetTests */,
				965C20F82D8DDBAF00B10537 /* VibeWidgetUITests */,
				965C20DB2D8DDBAE00B10537 /* Products */,
			);
			sourceTree = "<group>";
		};
		965C20DB2D8DDBAE00B10537 /* Products */ = {
			isa = PBXGroup;
			children = (
				965C20DA2D8DDBAE00B10537 /* VibeWidget.app */,
				965C20EB2D8DDBAF00B10537 /* VibeWidgetTests.xctest */,
				965C20F52D8DDBAF00B10537 /* VibeWidgetUITests.xctest */,
			);
			name = Products;
			sourceTree = "<group>";
		};
/* End PBXGroup section */

/* Begin PBXNativeTarget section */
		965C20D92D8DDBAE00B10537 /* VibeWidget */ = {
			isa = PBXNativeTarget;
			buildConfigurationList = 965C20FF2D8DDBAF00B10537 /* Build configuration list for PBXNativeTarget "VibeWidget" */;
			buildPhases = (
				965C20D62D8DDBAE00B10537 /* Sources */,
				965C20D72D8DDBAE00B10537 /* Frameworks */,
				965C20D82D8DDBAE00B10537 /* Resources */,
			);
			buildRules = (
			);
			dependencies = (
			);
			fileSystemSynchronizedGroups = (
				965C20DC2D8DDBAE00B10537 /* VibeWidget */,
			);
			name = VibeWidget;
			packageProductDependencies = (
			);
			productName = VibeWidget;
			productReference = 965C20DA2D8DDBAE00B10537 /* VibeWidget.app */;
			productType = "com.apple.product-type.application";
		};
		965C20EA2D8DDBAF00B10537 /* VibeWidgetTests */ = {
			isa = PBXNativeTarget;
			buildConfigurationList = 965C21022D8DDBAF00B10537 /* Build configuration list for PBXNativeTarget "VibeWidgetTests" */;
			buildPhases = (
				965C20E72D8DDBAF00B10537 /* Sources */,
				965C20E82D8DDBAF00B10537 /* Frameworks */,
				965C20E92D8DDBAF00B10537 /* Resources */,
			);
			buildRules = (
			);
			dependencies = (
				965C20ED2D8DDBAF00B10537 /* PBXTargetDependency */,
			);
			fileSystemSynchronizedGroups = (
				965C20EE2D8DDBAF00B10537 /* VibeWidgetTests */,
			);
			name = VibeWidgetTests;
			packageProductDependencies = (
			);
			productName = VibeWidgetTests;
			productReference = 965C20EB2D8DDBAF00B10537 /* VibeWidgetTests.xctest */;
			productType = "com.apple.product-type.bundle.unit-test";
		};
		965C20F42D8DDBAF00B10537 /* VibeWidgetUITests */ = {
			isa = PBXNativeTarget;
			buildConfigurationList = 965C21052D8DDBAF00B10537 /* Build configuration list for PBXNativeTarget "VibeWidgetUITests" */;
			buildPhases = (
				965C20F12D8DDBAF00B10537 /* Sources */,
				965C20F22D8DDBAF00B10537 /* Frameworks */,
				965C20F32D8DDBAF00B10537 /* Resources */,
			);
			buildRules = (
			);
			dependencies = (
				965C20F72D8DDBAF00B10537 /* PBXTargetDependency */,
			);
			fileSystemSynchronizedGroups = (
				965C20F82D8DDBAF00B10537 /* VibeWidgetUITests */,
			);
			name = VibeWidgetUITests;
			packageProductDependencies = (
			);
			productName = VibeWidgetUITests;
			productReference = 965C20F52D8DDBAF00B10537 /* VibeWidgetUITests.xctest */;
			productType = "com.apple.product-type.bundle.ui-testing";
		};
/* End PBXNativeTarget section */

/* Begin PBXProject section */
		965C20D22D8DDBAE00B10537 /* Project object */ = {
			isa = PBXProject;
			attributes = {
				BuildIndependentTargetsInParallel = 1;
				LastSwiftUpdateCheck = 1620;
				LastUpgradeCheck = 1620;
				ORGANIZATIONNAME = gorgias;
				TargetAttributes = {
					965C20D92D8DDBAE00B10537 = {
						CreatedOnToolsVersion = 16.2;
					};
					965C20EA2D8DDBAF00B10537 = {
						CreatedOnToolsVersion = 16.2;
						TestTargetID = 965C20D92D8DDBAE00B10537;
					};
					965C20F42D8DDBAF00B10537 = {
						CreatedOnToolsVersion = 16.2;
						TestTargetID = 965C20D92D8DDBAE00B10537;
					};
				};
			};
			buildConfigurationList = 965C20D52D8DDBAE00B10537 /* Build configuration list for PBXProject "VibeWidget" */;
			developmentRegion = en;
			hasScannedForEncodings = 0;
			knownRegions = (
				en,
				Base,
			);
			mainGroup = 965C20D12D8DDBAE00B10537;
			minimizedProjectReferenceProxies = 1;
			preferredProjectObjectVersion = 77;
			productRefGroup = 965C20DB2D8DDBAE00B10537 /* Products */;
			projectDirPath = "";
			projectRoot = "";
			targets = (
				965C20D92D8DDBAE00B10537 /* VibeWidget */,
				965C20EA2D8DDBAF00B10537 /* VibeWidgetTests */,
				965C20F42D8DDBAF00B10537 /* VibeWidgetUITests */,
			);
		};
/* End PBXProject section */

/* Begin PBXResourcesBuildPhase section */
		965C20D82D8DDBAE00B10537 /* Resources */ = {
			isa = PBXResourcesBuildPhase;
			buildActionMask = 2147483647;
			files = (
			);
			runOnlyForDeploymentPostprocessing = 0;
		};
		965C20E92D8DDBAF00B10537 /* Resources */ = {
			isa = PBXResourcesBuildPhase;
			buildActionMask = 2147483647;
			files = (
			);
			runOnlyForDeploymentPostprocessing = 0;
		};
		965C20F32D8DDBAF00B10537 /* Resources */ = {
			isa = PBXResourcesBuildPhase;
			buildActionMask = 2147483647;
			files = (
			);
			runOnlyForDeploymentPostprocessing = 0;
		};
/* End PBXResourcesBuildPhase section */

/* Begin PBXSourcesBuildPhase section */
		965C20D62D8DDBAE00B10537 /* Sources */ = {
			isa = PBXSourcesBuildPhase;
			buildActionMask = 2147483647;
			files = (
			);
			runOnlyForDeploymentPostprocessing = 0;
		};
		965C20E72D8DDBAF00B10537 /* Sources */ = {
			isa = PBXSourcesBuildPhase;
			buildActionMask = 2147483647;
			files = (
			);
			runOnlyForDeploymentPostprocessing = 0;
		};
		965C20F12D8DDBAF00B10537 /* Sources */ = {
			isa = PBXSourcesBuildPhase;
			buildActionMask = 2147483647;
			files = (
			);
			runOnlyForDeploymentPostprocessing = 0;
		};
/* End PBXSourcesBuildPhase section */

/* Begin PBXTargetDependency section */
		965C20ED2D8DDBAF00B10537 /* PBXTargetDependency */ = {
			isa = PBXTargetDependency;
			target = 965C20D92D8DDBAE00B10537 /* VibeWidget */;
			targetProxy = 965C20EC2D8DDBAF00B10537 /* PBXContainerItemProxy */;
		};
		965C20F72D8DDBAF00B10537 /* PBXTargetDependency */ = {
			isa = PBXTargetDependency;
			target = 965C20D92D8DDBAE00B10537 /* VibeWidget */;
			targetProxy = 965C20F62D8DDBAF00B10537 /* PBXContainerItemProxy */;
		};
/* End PBXTargetDependency section */

/* Begin XCBuildConfiguration section */
		965C20FD2D8DDBAF00B10537 /* Debug */ = {
			isa = XCBuildConfiguration;
			buildSettings = {
				ALWAYS_SEARCH_USER_PATHS = NO;
				ASSETCATALOG_COMPILER_GENERATE_SWIFT_ASSET_SYMBOL_EXTENSIONS = YES;
				CLANG_ANALYZER_NONNULL = YES;
				CLANG_ANALYZER_NUMBER_OBJECT_CONVERSION = YES_AGGRESSIVE;
				CLANG_CXX_LANGUAGE_STANDARD = "gnu++20";
				CLANG_ENABLE_MODULES = YES;
				CLANG_ENABLE_OBJC_ARC = YES;
				CLANG_ENABLE_OBJC_WEAK = YES;
				CLANG_WARN_BLOCK_CAPTURE_AUTORELEASING = YES;
				CLANG_WARN_BOOL_CONVERSION = YES;
				CLANG_WARN_COMMA = YES;
				CLANG_WARN_CONSTANT_CONVERSION = YES;
				CLANG_WARN_DEPRECATED_OBJC_IMPLEMENTATIONS = YES;
				CLANG_WARN_DIRECT_OBJC_ISA_USAGE = YES_ERROR;
				CLANG_WARN_DOCUMENTATION_COMMENTS = YES;
				CLANG_WARN_EMPTY_BODY = YES;
				CLANG_WARN_ENUM_CONVERSION = YES;
				CLANG_WARN_INFINITE_RECURSION = YES;
				CLANG_WARN_INT_CONVERSION = YES;
				CLANG_WARN_NON_LITERAL_NULL_CONVERSION = YES;
				CLANG_WARN_OBJC_IMPLICIT_RETAIN_SELF = YES;
				CLANG_WARN_OBJC_LITERAL_CONVERSION = YES;
				CLANG_WARN_OBJC_ROOT_CLASS = YES_ERROR;
				CLANG_WARN_QUOTED_INCLUDE_IN_FRAMEWORK_HEADER = YES;
				CLANG_WARN_RANGE_LOOP_ANALYSIS = YES;
				CLANG_WARN_STRICT_PROTOTYPES = YES;
				CLANG_WARN_SUSPICIOUS_MOVE = YES;
				CLANG_WARN_UNGUARDED_AVAILABILITY = YES_AGGRESSIVE;
				CLANG_WARN_UNREACHABLE_CODE = YES;
				CLANG_WARN__DUPLICATE_METHOD_MATCH = YES;
				COPY_PHASE_STRIP = NO;
				DEBUG_INFORMATION_FORMAT = dwarf;
				ENABLE_STRICT_OBJC_MSGSEND = YES;
				ENABLE_TESTABILITY = YES;
				ENABLE_USER_SCRIPT_SANDBOXING = YES;
				GCC_C_LANGUAGE_STANDARD = gnu17;
				GCC_DYNAMIC_NO_PIC = NO;
				GCC_NO_COMMON_BLOCKS = YES;
				GCC_OPTIMIZATION_LEVEL = 0;
				GCC_PREPROCESSOR_DEFINITIONS = (
					"DEBUG=1",
					"$(inherited)",
				);
				GCC_WARN_64_TO_32_BIT_CONVERSION = YES;
				GCC_WARN_ABOUT_RETURN_TYPE = YES_ERROR;
				GCC_WARN_UNDECLARED_SELECTOR = YES;
				GCC_WARN_UNINITIALIZED_AUTOS = YES_AGGRESSIVE;
				GCC_WARN_UNUSED_FUNCTION = YES;
				GCC_WARN_UNUSED_VARIABLE = YES;
				LOCALIZATION_PREFERS_STRING_CATALOGS = YES;
				MACOSX_DEPLOYMENT_TARGET = 15.2;
				MTL_ENABLE_DEBUG_INFO = INCLUDE_SOURCE;
				MTL_FAST_MATH = YES;
				ONLY_ACTIVE_ARCH = YES;
				SDKROOT = macosx;
				SWIFT_ACTIVE_COMPILATION_CONDITIONS = "DEBUG $(inherited)";
				SWIFT_OPTIMIZATION_LEVEL = "-Onone";
			};
			name = Debug;
		};
		965C20FE2D8DDBAF00B10537 /* Release */ = {
			isa = XCBuildConfiguration;
			buildSettings = {
				ALWAYS_SEARCH_USER_PATHS = NO;
				ASSETCATALOG_COMPILER_GENERATE_SWIFT_ASSET_SYMBOL_EXTENSIONS = YES;
				CLANG_ANALYZER_NONNULL = YES;
				CLANG_ANALYZER_NUMBER_OBJECT_CONVERSION = YES_AGGRESSIVE;
				CLANG_CXX_LANGUAGE_STANDARD = "gnu++20";
				CLANG_ENABLE_MODULES = YES;
				CLANG_ENABLE_OBJC_ARC = YES;
				CLANG_ENABLE_OBJC_WEAK = YES;
				CLANG_WARN_BLOCK_CAPTURE_AUTORELEASING = YES;
				CLANG_WARN_BOOL_CONVERSION = YES;
				CLANG_WARN_COMMA = YES;
				CLANG_WARN_CONSTANT_CONVERSION = YES;
				CLANG_WARN_DEPRECATED_OBJC_IMPLEMENTATIONS = YES;
				CLANG_WARN_DIRECT_OBJC_ISA_USAGE = YES_ERROR;
				CLANG_WARN_DOCUMENTATION_COMMENTS = YES;
				CLANG_WARN_EMPTY_BODY = YES;
				CLANG_WARN_ENUM_CONVERSION = YES;
				CLANG_WARN_INFINITE_RECURSION = YES;
				CLANG_WARN_INT_CONVERSION = YES;
				CLANG_WARN_NON_LITERAL_NULL_CONVERSION = YES;
				CLANG_WARN_OBJC_IMPLICIT_RETAIN_SELF = YES;
				CLANG_WARN_OBJC_LITERAL_CONVERSION = YES;
				CLANG_WARN_OBJC_ROOT_CLASS = YES_ERROR;
				CLANG_WARN_QUOTED_INCLUDE_IN_FRAMEWORK_HEADER = YES;
				CLANG_WARN_RANGE_LOOP_ANALYSIS = YES;
				CLANG_WARN_STRICT_PROTOTYPES = YES;
				CLANG_WARN_SUSPICIOUS_MOVE = YES;
				CLANG_WARN_UNGUARDED_AVAILABILITY = YES_AGGRESSIVE;
				CLANG_WARN_UNREACHABLE_CODE = YES;
				CLANG_WARN__DUPLICATE_METHOD_MATCH = YES;
				COPY_PHASE_STRIP = NO;
				DEBUG_INFORMATION_FORMAT = "dwarf-with-dsym";
				ENABLE_NS_ASSERTIONS = NO;
				ENABLE_STRICT_OBJC_MSGSEND = YES;
				ENABLE_USER_SCRIPT_SANDBOXING = YES;
				GCC_C_LANGUAGE_STANDARD = gnu17;
				GCC_NO_COMMON_BLOCKS = YES;
				GCC_WARN_64_TO_32_BIT_CONVERSION = YES;
				GCC_WARN_ABOUT_RETURN_TYPE = YES_ERROR;
				GCC_WARN_UNDECLARED_SELECTOR = YES;
				GCC_WARN_UNINITIALIZED_AUTOS = YES_AGGRESSIVE;
				GCC_WARN_UNUSED_FUNCTION = YES;
				GCC_WARN_UNUSED_VARIABLE = YES;
				LOCALIZATION_PREFERS_STRING_CATALOGS = YES;
				MACOSX_DEPLOYMENT_TARGET = 15.2;
				MTL_ENABLE_DEBUG_INFO = NO;
				MTL_FAST_MATH = YES;
				SDKROOT = macosx;
				SWIFT_COMPILATION_MODE = wholemodule;
			};
			name = Release;
		};
		965C21002D8DDBAF00B10537 /* Debug */ = {
			isa = XCBuildConfiguration;
			buildSettings = {
				ASSETCATALOG_COMPILER_APPICON_NAME = AppIcon;
				ASSETCATALOG_COMPILER_GLOBAL_ACCENT_COLOR_NAME = AccentColor;
				CODE_SIGN_ENTITLEMENTS = VibeWidget/VibeWidget.entitlements;
				"CODE_SIGN_IDENTITY[sdk=macosx*]" = "Apple Development";
				CODE_SIGN_STYLE = Automatic;
				COMBINE_HIDPI_IMAGES = YES;
				CURRENT_PROJECT_VERSION = 1;
				DEVELOPMENT_ASSET_PATHS = "\"VibeWidget/Preview Content\"";
				DEVELOPMENT_TEAM = S543KP7VJD;
				ENABLE_PREVIEWS = YES;
				GENERATE_INFOPLIST_FILE = YES;
				INFOPLIST_KEY_NSHumanReadableCopyright = "";
				LD_RUNPATH_SEARCH_PATHS = (
					"$(inherited)",
					"@executable_path/../Frameworks",
				);
				MARKETING_VERSION = 1.0;
				PRODUCT_BUNDLE_IDENTIFIER = com.gorgias.VibeWidget;
				PRODUCT_NAME = "$(TARGET_NAME)";
				SWIFT_EMIT_LOC_STRINGS = YES;
				SWIFT_VERSION = 5.0;
			};
			name = Debug;
		};
		965C21012D8DDBAF00B10537 /* Release */ = {
			isa = XCBuildConfiguration;
			buildSettings = {
				ASSETCATALOG_COMPILER_APPICON_NAME = AppIcon;
				ASSETCATALOG_COMPILER_GLOBAL_ACCENT_COLOR_NAME = AccentColor;
				CODE_SIGN_ENTITLEMENTS = VibeWidget/VibeWidget.entitlements;
				"CODE_SIGN_IDENTITY[sdk=macosx*]" = "Apple Development";
				CODE_SIGN_STYLE = Automatic;
				COMBINE_HIDPI_IMAGES = YES;
				CURRENT_PROJECT_VERSION = 1;
				DEVELOPMENT_ASSET_PATHS = "\"VibeWidget/Preview Content\"";
				DEVELOPMENT_TEAM = S543KP7VJD;
				ENABLE_PREVIEWS = YES;
				GENERATE_INFOPLIST_FILE = YES;
				INFOPLIST_KEY_NSHumanReadableCopyright = "";
				LD_RUNPATH_SEARCH_PATHS = (
					"$(inherited)",
					"@executable_path/../Frameworks",
				);
				MARKETING_VERSION = 1.0;
				PRODUCT_BUNDLE_IDENTIFIER = com.gorgias.VibeWidget;
				PRODUCT_NAME = "$(TARGET_NAME)";
				SWIFT_EMIT_LOC_STRINGS = YES;
				SWIFT_VERSION = 5.0;
			};
			name = Release;
		};
		965C21032D8DDBAF00B10537 /* Debug */ = {
			isa = XCBuildConfiguration;
			buildSettings = {
				BUNDLE_LOADER = "$(TEST_HOST)";
				CODE_SIGN_STYLE = Automatic;
				CURRENT_PROJECT_VERSION = 1;
				GENERATE_INFOPLIST_FILE = YES;
				MACOSX_DEPLOYMENT_TARGET = 15.2;
				MARKETING_VERSION = 1.0;
				PRODUCT_BUNDLE_IDENTIFIER = com.gorgias.VibeWidgetTests;
				PRODUCT_NAME = "$(TARGET_NAME)";
				SWIFT_EMIT_LOC_STRINGS = NO;
				SWIFT_VERSION = 5.0;
				TEST_HOST = "$(BUILT_PRODUCTS_DIR)/VibeWidget.app/$(BUNDLE_EXECUTABLE_FOLDER_PATH)/VibeWidget";
			};
			name = Debug;
		};
		965C21042D8DDBAF00B10537 /* Release */ = {
			isa = XCBuildConfiguration;
			buildSettings = {
				BUNDLE_LOADER = "$(TEST_HOST)";
				CODE_SIGN_STYLE = Automatic;
				CURRENT_PROJECT_VERSION = 1;
				GENERATE_INFOPLIST_FILE = YES;
				MACOSX_DEPLOYMENT_TARGET = 15.2;
				MARKETING_VERSION = 1.0;
				PRODUCT_BUNDLE_IDENTIFIER = com.gorgias.VibeWidgetTests;
				PRODUCT_NAME = "$(TARGET_NAME)";
				SWIFT_EMIT_LOC_STRINGS = NO;
				SWIFT_VERSION = 5.0;
				TEST_HOST = "$(BUILT_PRODUCTS_DIR)/VibeWidget.app/$(BUNDLE_EXECUTABLE_FOLDER_PATH)/VibeWidget";
			};
			name = Release;
		};
		965C21062D8DDBAF00B10537 /* Debug */ = {
			isa = XCBuildConfiguration;
			buildSettings = {
				CODE_SIGN_STYLE = Automatic;
				CURRENT_PROJECT_VERSION = 1;
				GENERATE_INFOPLIST_FILE = YES;
				MARKETING_VERSION = 1.0;
				PRODUCT_BUNDLE_IDENTIFIER = com.gorgias.VibeWidgetUITests;
				PRODUCT_NAME = "$(TARGET_NAME)";
				SWIFT_EMIT_LOC_STRINGS = NO;
				SWIFT_VERSION = 5.0;
				TEST_TARGET_NAME = VibeWidget;
			};
			name = Debug;
		};
		965C21072D8DDBAF00B10537 /* Release */ = {
			isa = XCBuildConfiguration;
			buildSettings = {
				CODE_SIGN_STYLE = Automatic;
				CURRENT_PROJECT_VERSION = 1;
				GENERATE_INFOPLIST_FILE = YES;
				MARKETING_VERSION = 1.0;
				PRODUCT_BUNDLE_IDENTIFIER = com.gorgias.VibeWidgetUITests;
				PRODUCT_NAME = "$(TARGET_NAME)";
				SWIFT_EMIT_LOC_STRINGS = NO;
				SWIFT_VERSION = 5.0;
				TEST_TARGET_NAME = VibeWidget;
			};
			name = Release;
		};
/* End XCBuildConfiguration section */

/* Begin XCConfigurationList section */
		965C20D52D8DDBAE00B10537 /* Build configuration list for PBXProject "VibeWidget" */ = {
			isa = XCConfigurationList;
			buildConfigurations = (
				965C20FD2D8DDBAF00B10537 /* Debug */,
				965C20FE2D8DDBAF00B10537 /* Release */,
			);
			defaultConfigurationIsVisible = 0;
			defaultConfigurationName = Release;
		};
		965C20FF2D8DDBAF00B10537 /* Build configuration list for PBXNativeTarget "VibeWidget" */ = {
			isa = XCConfigurationList;
			buildConfigurations = (
				965C21002D8DDBAF00B10537 /* Debug */,
				965C21012D8DDBAF00B10537 /* Release */,
			);
			defaultConfigurationIsVisible = 0;
			defaultConfigurationName = Release;
		};
		965C21022D8DDBAF00B10537 /* Build configuration list for PBXNativeTarget "VibeWidgetTests" */ = {
			isa = XCConfigurationList;
			buildConfigurations = (
				965C21032D8DDBAF00B10537 /* Debug */,
				965C21042D8DDBAF00B10537 /* Release */,
			);
			defaultConfigurationIsVisible = 0;
			defaultConfigurationName = Release;
		};
		965C21052D8DDBAF00B10537 /* Build configuration list for PBXNativeTarget "VibeWidgetUITests" */ = {
			isa = XCConfigurationList;
			buildConfigurations = (
				965C21062D8DDBAF00B10537 /* Debug */,
				965C21072D8DDBAF00B10537 /* Release */,
			);
			defaultConfigurationIsVisible = 0;
			defaultConfigurationName = Release;
		};
/* End XCConfigurationList section */
	};
	rootObject = 965C20D22D8DDBAE00B10537 /* Project object */;
}
